
Microsoft Visual Studio Solution File, Format Version 12.00
Project("{2150E333-8FDC-42A3-9474-1A3956D46DE8}") = "ProjectService", "ProjectService", "{9BB1662D-2510-4F38-AA32-556FA8190CCC}"
EndProject
Project("{2150E333-8FDC-42A3-9474-1A3956D46DE8}") = "UserService", "UserService", "{CB205350-DC29-47E0-A3FA-69C73A151D7B}"
EndProject
Project("{FAE04EC0-301F-11D3-BF4B-00C04F79EFBC}") = "UserService.API", "UserService.API\UserService.API.csproj", "{C51F4D6B-4F1D-480A-AD22-5B8880434095}"
EndProject
Project("{FAE04EC0-301F-11D3-BF4B-00C04F79EFBC}") = "ProjectService.API", "ProjectService.API\ProjectService.API.csproj", "{21A4BE9A-4046-4CE0-AA46-8E3BEDBEC0AF}"
EndProject
Project("{FAE04EC0-301F-11D3-BF4B-00C04F79EFBC}") = "UserService.Domain", "UserService.Domain\UserService.Domain.csproj", "{2D5278CE-CD54-4644-BAE6-056185C0AEA7}"
EndProject
Project("{FAE04EC0-301F-11D3-BF4B-00C04F79EFBC}") = "UserService.Application", "UserService.Application\UserService.Application.csproj", "{D8684576-ABA0-41C8-A3BF-6AC1DE066F99}"
EndProject
Project("{FAE04EC0-301F-11D3-BF4B-00C04F79EFBC}") = "UserService.Infrastructure", "UserService.Infrastructure\UserService.Infrastructure.csproj", "{9A315EBF-1E55-4DE9-B370-7B78FCED8F9A}"
EndProject
Project("{FAE04EC0-301F-11D3-BF4B-00C04F79EFBC}") = "UserService.Tests", "UserService.Tests\UserService.Tests.csproj", "{31446A70-B348-484C-8D74-51EE4D217653}"
EndProject
Project("{FAE04EC0-301F-11D3-BF4B-00C04F79EFBC}") = "ProjectService.Tests", "ProjectService.Tests\ProjectService.Tests.csproj", "{EC5BD23D-53AA-403B-AE03-12883E382833}"
EndProject
Project("{FAE04EC0-301F-11D3-BF4B-00C04F79EFBC}") = "ProjectService.Infrastructure", "ProjectService.Infrastructure\ProjectService.Infrastructure.csproj", "{F45DE030-020D-446C-B4E8-80A3FACA0123}"
EndProject
Project("{FAE04EC0-301F-11D3-BF4B-00C04F79EFBC}") = "ProjectService.Domain", "ProjectService.Domain\ProjectService.Domain.csproj", "{AA3B69D5-2F49-4184-8BB4-2EA136E456B5}"
EndProject
Project("{FAE04EC0-301F-11D3-BF4B-00C04F79EFBC}") = "ProjectService.Application", "ProjectService.Application\ProjectService.Application.csproj", "{AA5EEC44-A3A6-4FB4-85C2-AE8F2B5D5C79}"
EndProject
Project("{FAE04EC0-301F-11D3-BF4B-00C04F79EFBC}") = "IntegrationTests", "IntegrationTests\IntegrationTests.csproj", "{41D62B45-68B9-4BA5-825F-9B2C6FE8A76E}"
EndProject
Global
	GlobalSection(SolutionConfigurationPlatforms) = preSolution
		Debug|Any CPU = Debug|Any CPU
		Release|Any CPU = Release|Any CPU
	EndGlobalSection
	GlobalSection(ProjectConfigurationPlatforms) = postSolution
		{C51F4D6B-4F1D-480A-AD22-5B8880434095}.Debug|Any CPU.ActiveCfg = Debug|Any CPU
		{C51F4D6B-4F1D-480A-AD22-5B8880434095}.Debug|Any CPU.Build.0 = Debug|Any CPU
		{C51F4D6B-4F1D-480A-AD22-5B8880434095}.Release|Any CPU.ActiveCfg = Release|Any CPU
		{C51F4D6B-4F1D-480A-AD22-5B8880434095}.Release|Any CPU.Build.0 = Release|Any CPU
		{21A4BE9A-4046-4CE0-AA46-8E3BEDBEC0AF}.Debug|Any CPU.ActiveCfg = Debug|Any CPU
		{21A4BE9A-4046-4CE0-AA46-8E3BEDBEC0AF}.Debug|Any CPU.Build.0 = Debug|Any CPU
		{21A4BE9A-4046-4CE0-AA46-8E3BEDBEC0AF}.Release|Any CPU.ActiveCfg = Release|Any CPU
		{21A4BE9A-4046-4CE0-AA46-8E3BEDBEC0AF}.Release|Any CPU.Build.0 = Release|Any CPU
		{2D5278CE-CD54-4644-BAE6-056185C0AEA7}.Debug|Any CPU.ActiveCfg = Debug|Any CPU
		{2D5278CE-CD54-4644-BAE6-056185C0AEA7}.Debug|Any CPU.Build.0 = Debug|Any CPU
		{2D5278CE-CD54-4644-BAE6-056185C0AEA7}.Release|Any CPU.ActiveCfg = Release|Any CPU
		{2D5278CE-CD54-4644-BAE6-056185C0AEA7}.Release|Any CPU.Build.0 = Release|Any CPU
		{D8684576-ABA0-41C8-A3BF-6AC1DE066F99}.Debug|Any CPU.ActiveCfg = Debug|Any CPU
		{D8684576-ABA0-41C8-A3BF-6AC1DE066F99}.Debug|Any CPU.Build.0 = Debug|Any CPU
		{D8684576-ABA0-41C8-A3BF-6AC1DE066F99}.Release|Any CPU.ActiveCfg = Release|Any CPU
		{D8684576-ABA0-41C8-A3BF-6AC1DE066F99}.Release|Any CPU.Build.0 = Release|Any CPU
		{9A315EBF-1E55-4DE9-B370-7B78FCED8F9A}.Debug|Any CPU.ActiveCfg = Debug|Any CPU
		{9A315EBF-1E55-4DE9-B370-7B78FCED8F9A}.Debug|Any CPU.Build.0 = Debug|Any CPU
		{9A315EBF-1E55-4DE9-B370-7B78FCED8F9A}.Release|Any CPU.ActiveCfg = Release|Any CPU
		{9A315EBF-1E55-4DE9-B370-7B78FCED8F9A}.Release|Any CPU.Build.0 = Release|Any CPU
		{31446A70-B348-484C-8D74-51EE4D217653}.Debug|Any CPU.ActiveCfg = Debug|Any CPU
		{31446A70-B348-484C-8D74-51EE4D217653}.Debug|Any CPU.Build.0 = Debug|Any CPU
		{31446A70-B348-484C-8D74-51EE4D217653}.Release|Any CPU.ActiveCfg = Release|Any CPU
		{31446A70-B348-484C-8D74-51EE4D217653}.Release|Any CPU.Build.0 = Release|Any CPU
		{EC5BD23D-53AA-403B-AE03-12883E382833}.Debug|Any CPU.ActiveCfg = Debug|Any CPU
		{EC5BD23D-53AA-403B-AE03-12883E382833}.Debug|Any CPU.Build.0 = Debug|Any CPU
		{EC5BD23D-53AA-403B-AE03-12883E382833}.Release|Any CPU.ActiveCfg = Release|Any CPU
		{EC5BD23D-53AA-403B-AE03-12883E382833}.Release|Any CPU.Build.0 = Release|Any CPU
		{F45DE030-020D-446C-B4E8-80A3FACA0123}.Debug|Any CPU.ActiveCfg = Debug|Any CPU
		{F45DE030-020D-446C-B4E8-80A3FACA0123}.Debug|Any CPU.Build.0 = Debug|Any CPU
		{F45DE030-020D-446C-B4E8-80A3FACA0123}.Release|Any CPU.ActiveCfg = Release|Any CPU
		{F45DE030-020D-446C-B4E8-80A3FACA0123}.Release|Any CPU.Build.0 = Release|Any CPU
		{AA3B69D5-2F49-4184-8BB4-2EA136E456B5}.Debug|Any CPU.ActiveCfg = Debug|Any CPU
		{AA3B69D5-2F49-4184-8BB4-2EA136E456B5}.Debug|Any CPU.Build.0 = Debug|Any CPU
		{AA3B69D5-2F49-4184-8BB4-2EA136E456B5}.Release|Any CPU.ActiveCfg = Release|Any CPU
		{AA3B69D5-2F49-4184-8BB4-2EA136E456B5}.Release|Any CPU.Build.0 = Release|Any CPU
		{AA5EEC44-A3A6-4FB4-85C2-AE8F2B5D5C79}.Debug|Any CPU.ActiveCfg = Debug|Any CPU
		{AA5EEC44-A3A6-4FB4-85C2-AE8F2B5D5C79}.Debug|Any CPU.Build.0 = Debug|Any CPU
		{AA5EEC44-A3A6-4FB4-85C2-AE8F2B5D5C79}.Release|Any CPU.ActiveCfg = Release|Any CPU
		{AA5EEC44-A3A6-4FB4-85C2-AE8F2B5D5C79}.Release|Any CPU.Build.0 = Release|Any CPU
		{41D62B45-68B9-4BA5-825F-9B2C6FE8A76E}.Debug|Any CPU.ActiveCfg = Debug|Any CPU
		{41D62B45-68B9-4BA5-825F-9B2C6FE8A76E}.Debug|Any CPU.Build.0 = Debug|Any CPU
		{41D62B45-68B9-4BA5-825F-9B2C6FE8A76E}.Release|Any CPU.ActiveCfg = Release|Any CPU
		{41D62B45-68B9-4BA5-825F-9B2C6FE8A76E}.Release|Any CPU.Build.0 = Release|Any CPU
	EndGlobalSection
	GlobalSection(NestedProjects) = preSolution
		{C51F4D6B-4F1D-480A-AD22-5B8880434095} = {CB205350-DC29-47E0-A3FA-69C73A151D7B}
		{21A4BE9A-4046-4CE0-AA46-8E3BEDBEC0AF} = {9BB1662D-2510-4F38-AA32-556FA8190CCC}
		{2D5278CE-CD54-4644-BAE6-056185C0AEA7} = {CB205350-DC29-47E0-A3FA-69C73A151D7B}
		{D8684576-ABA0-41C8-A3BF-6AC1DE066F99} = {CB205350-DC29-47E0-A3FA-69C73A151D7B}
		{9A315EBF-1E55-4DE9-B370-7B78FCED8F9A} = {CB205350-DC29-47E0-A3FA-69C73A151D7B}
		{31446A70-B348-484C-8D74-51EE4D217653} = {CB205350-DC29-47E0-A3FA-69C73A151D7B}
		{EC5BD23D-53AA-403B-AE03-12883E382833} = {9BB1662D-2510-4F38-AA32-556FA8190CCC}
		{F45DE030-020D-446C-B4E8-80A3FACA0123} = {9BB1662D-2510-4F38-AA32-556FA8190CCC}
		{AA3B69D5-2F49-4184-8BB4-2EA136E456B5} = {9BB1662D-2510-4F38-AA32-556FA8190CCC}
		{AA5EEC44-A3A6-4FB4-85C2-AE8F2B5D5C79} = {9BB1662D-2510-4F38-AA32-556FA8190CCC}
	EndGlobalSection
EndGlobal
